
Microsoft Visual Studio Solution File, Format Version 12.00
# Visual Studio 15
VisualStudioVersion = 15.0.27004.2009
MinimumVisualStudioVersion = 10.0.40219.1
Project("{FAE04EC0-301F-11D3-BF4B-00C04F79EFBC}") = "SecretShop.Bot", "SecretShop.Bot\SecretShop.Bot.csproj", "{8C68201D-CAB5-480C-B466-E013C1D82979}"
EndProject
Project("{FAE04EC0-301F-11D3-BF4B-00C04F79EFBC}") = "SecretShop.Web", "SecretShop.Web\SecretShop.Web.csproj", "{B186BEDF-66EA-4EF8-9341-8B79FA1C6F0F}"
EndProject
Global
	GlobalSection(SolutionConfigurationPlatforms) = preSolution
		Debug|Any CPU = Debug|Any CPU
		Debug|x64 = Debug|x64
		Release|Any CPU = Release|Any CPU
		Release|x64 = Release|x64
	EndGlobalSection
	GlobalSection(ProjectConfigurationPlatforms) = postSolution
		{8C68201D-CAB5-480C-B466-E013C1D82979}.Debug|Any CPU.ActiveCfg = Debug|x64
		{8C68201D-CAB5-480C-B466-E013C1D82979}.Debug|x64.ActiveCfg = Debug|x64
		{8C68201D-CAB5-480C-B466-E013C1D82979}.Debug|x64.Build.0 = Debug|x64
		{8C68201D-CAB5-480C-B466-E013C1D82979}.Release|Any CPU.ActiveCfg = Release|x64
		{8C68201D-CAB5-480C-B466-E013C1D82979}.Release|x64.ActiveCfg = Release|x64
		{8C68201D-CAB5-480C-B466-E013C1D82979}.Release|x64.Build.0 = Release|x64
		{B186BEDF-66EA-4EF8-9341-8B79FA1C6F0F}.Debug|Any CPU.ActiveCfg = Debug|Any CPU
		{B186BEDF-66EA-4EF8-9341-8B79FA1C6F0F}.Debug|Any CPU.Build.0 = Debug|Any CPU
		{B186BEDF-66EA-4EF8-9341-8B79FA1C6F0F}.Debug|x64.ActiveCfg = Debug|x64
		{B186BEDF-66EA-4EF8-9341-8B79FA1C6F0F}.Debug|x64.Build.0 = Debug|x64
		{B186BEDF-66EA-4EF8-9341-8B79FA1C6F0F}.Release|Any CPU.ActiveCfg = Release|Any CPU
		{B186BEDF-66EA-4EF8-9341-8B79FA1C6F0F}.Release|Any CPU.Build.0 = Release|Any CPU
		{B186BEDF-66EA-4EF8-9341-8B79FA1C6F0F}.Release|x64.ActiveCfg = Release|x64
		{B186BEDF-66EA-4EF8-9341-8B79FA1C6F0F}.Release|x64.Build.0 = Release|x64
	EndGlobalSection
	GlobalSection(SolutionProperties) = preSolution
		HideSolutionNode = FALSE
	EndGlobalSection
	GlobalSection(ExtensibilityGlobals) = postSolution
		SolutionGuid = {4902A1BB-F0EC-4D79-BD9D-790FC9FF206A}
	EndGlobalSection
EndGlobal
